
Microsoft Visual Studio Solution File, Format Version 12.00
# Visual Studio 2012
Project("{FAE04EC0-301F-11D3-BF4B-00C04F79EFBC}") = "EnergisticsAPIService", "EnergisticsAPIService\EnergisticsAPIService.csproj", "{0EAA4CFC-6605-434D-815B-2AB131A7B490}"
EndProject
Project("{FAE04EC0-301F-11D3-BF4B-00C04F79EFBC}") = "WITSMLAPISERVICE", "..\WITSMLAPISERVICE\WITSMLAPISERVICE.csproj", "{51FDE831-8F85-4BC4-BE8D-879C490044F1}"
EndProject
Global
	GlobalSection(SolutionConfigurationPlatforms) = preSolution
		Debug|Any CPU = Debug|Any CPU
		Release|Any CPU = Release|Any CPU
	EndGlobalSection
	GlobalSection(ProjectConfigurationPlatforms) = postSolution
		{0EAA4CFC-6605-434D-815B-2AB131A7B490}.Debug|Any CPU.ActiveCfg = Debug|Any CPU
		{0EAA4CFC-6605-434D-815B-2AB131A7B490}.Debug|Any CPU.Build.0 = Debug|Any CPU
		{0EAA4CFC-6605-434D-815B-2AB131A7B490}.Release|Any CPU.ActiveCfg = Release|Any CPU
		{0EAA4CFC-6605-434D-815B-2AB131A7B490}.Release|Any CPU.Build.0 = Release|Any CPU
		{51FDE831-8F85-4BC4-BE8D-879C490044F1}.Debug|Any CPU.ActiveCfg = Debug|Any CPU
		{51FDE831-8F85-4BC4-BE8D-879C490044F1}.Debug|Any CPU.Build.0 = Debug|Any CPU
		{51FDE831-8F85-4BC4-BE8D-879C490044F1}.Release|Any CPU.ActiveCfg = Release|Any CPU
		{51FDE831-8F85-4BC4-BE8D-879C490044F1}.Release|Any CPU.Build.0 = Release|Any CPU
	EndGlobalSection
	GlobalSection(SolutionProperties) = preSolution
		HideSolutionNode = FALSE
	EndGlobalSection
EndGlobal
