Microsoft Visual Studio Solution File, Format Version 12.00
# Visual Studio Version 16
VisualStudioVersion = 16.0.29020.237
MinimumVisualStudioVersion = 10.0.40219.1
Project("{2150E333-8FDC-42A3-9474-1A3956D46DE8}") = "Solution Items", "Solution Items", "{3603677B-4613-4698-92DA-652690E258E4}"
	ProjectSection(SolutionItems) = preProject
		License.txt = License.txt
	EndProjectSection
EndProject
Project("{FAE04EC0-301F-11D3-BF4B-00C04F79EFBC}") = "SchemaGatherer", "SchemaGatherer\SchemaGatherer.csproj", "{D723F4CE-6CF6-48BA-9FB5-3FC0713A2171}"
EndProject
Project("{FAE04EC0-301F-11D3-BF4B-00C04F79EFBC}") = "DataAccess", "DataAccess\DataAccess.csproj", "{3F3D2683-6036-4C06-911D-2DB5C1682D91}"
	ProjectSection(ProjectDependencies) = postProject
		{38E06EA0-CABC-4A30-83E9-78E03DE2EC42} = {38E06EA0-CABC-4A30-83E9-78E03DE2EC42}
	EndProjectSection
EndProject
Project("{FAE04EC0-301F-11D3-BF4B-00C04F79EFBC}") = "Generator", "Generator\Generator.csproj", "{38E06EA0-CABC-4A30-83E9-78E03DE2EC42}"
EndProject
Project("{FAE04EC0-301F-11D3-BF4B-00C04F79EFBC}") = "EnumValuesExtensionGenerator", "EnumValuesExtensionGenerator\EnumValuesExtensionGenerator.csproj", "{54EE6DAA-8724-40D9-AB77-278E8B4CFA07}"
EndProject
Project("{FAE04EC0-301F-11D3-BF4B-00C04F79EFBC}") = "DevKitTest", "DevKitTest\DevKitTest.csproj", "{78C991D8-FB59-4261-8C07-00239BDB05D6}"
	ProjectSection(ProjectDependencies) = postProject
		{3F3D2683-6036-4C06-911D-2DB5C1682D91} = {3F3D2683-6036-4C06-911D-2DB5C1682D91}
		{54EE6DAA-8724-40D9-AB77-278E8B4CFA07} = {54EE6DAA-8724-40D9-AB77-278E8B4CFA07}
	EndProjectSection
EndProject
Project("{FAE04EC0-301F-11D3-BF4B-00C04F79EFBC}") = "DataAccess.WITSML", "DataAccess.WITSML\DataAccess.WITSML.csproj", "{8184E6C9-3746-40E5-8B81-6F24785C3739}"
EndProject
Project("{FAE04EC0-301F-11D3-BF4B-00C04F79EFBC}") = "DataAccess.PRODML", "DataAccess.PRODML\DataAccess.PRODML.csproj", "{57EA0F9F-5E9A-4788-9738-BE3381343E1A}"
EndProject
Project("{FAE04EC0-301F-11D3-BF4B-00C04F79EFBC}") = "DataAccess.RESQML", "DataAccess.RESQML\DataAccess.RESQML.csproj", "{6D7CDB8E-B137-4AD0-8A8D-7EEAAFB69960}"
EndProject
Global
	GlobalSection(SolutionConfigurationPlatforms) = preSolution
		Debug|Any CPU = Debug|Any CPU
		Debug|x86 = Debug|x86
		Release|Any CPU = Release|Any CPU
		Release|x86 = Release|x86
	EndGlobalSection
	GlobalSection(ProjectConfigurationPlatforms) = postSolution
		{D723F4CE-6CF6-48BA-9FB5-3FC0713A2171}.Debug|Any CPU.ActiveCfg = Debug|Any CPU
		{D723F4CE-6CF6-48BA-9FB5-3FC0713A2171}.Debug|Any CPU.Build.0 = Debug|Any CPU
		{D723F4CE-6CF6-48BA-9FB5-3FC0713A2171}.Debug|x86.ActiveCfg = Debug|Any CPU
		{D723F4CE-6CF6-48BA-9FB5-3FC0713A2171}.Debug|x86.Build.0 = Debug|Any CPU
		{D723F4CE-6CF6-48BA-9FB5-3FC0713A2171}.Release|Any CPU.ActiveCfg = Release|Any CPU
		{D723F4CE-6CF6-48BA-9FB5-3FC0713A2171}.Release|Any CPU.Build.0 = Release|Any CPU
		{D723F4CE-6CF6-48BA-9FB5-3FC0713A2171}.Release|x86.ActiveCfg = Release|Any CPU
		{D723F4CE-6CF6-48BA-9FB5-3FC0713A2171}.Release|x86.Build.0 = Release|Any CPU
		{3F3D2683-6036-4C06-911D-2DB5C1682D91}.Debug|Any CPU.ActiveCfg = Debug|Any CPU
		{3F3D2683-6036-4C06-911D-2DB5C1682D91}.Debug|Any CPU.Build.0 = Debug|Any CPU
		{3F3D2683-6036-4C06-911D-2DB5C1682D91}.Debug|x86.ActiveCfg = Debug|Any CPU
		{3F3D2683-6036-4C06-911D-2DB5C1682D91}.Debug|x86.Build.0 = Debug|Any CPU
		{3F3D2683-6036-4C06-911D-2DB5C1682D91}.Release|Any CPU.ActiveCfg = Release|Any CPU
		{3F3D2683-6036-4C06-911D-2DB5C1682D91}.Release|Any CPU.Build.0 = Release|Any CPU
		{3F3D2683-6036-4C06-911D-2DB5C1682D91}.Release|x86.ActiveCfg = Release|Any CPU
		{3F3D2683-6036-4C06-911D-2DB5C1682D91}.Release|x86.Build.0 = Release|Any CPU
		{38E06EA0-CABC-4A30-83E9-78E03DE2EC42}.Debug|Any CPU.ActiveCfg = Debug|Any CPU
		{38E06EA0-CABC-4A30-83E9-78E03DE2EC42}.Debug|Any CPU.Build.0 = Debug|Any CPU
		{38E06EA0-CABC-4A30-83E9-78E03DE2EC42}.Debug|x86.ActiveCfg = Debug|Any CPU
		{38E06EA0-CABC-4A30-83E9-78E03DE2EC42}.Debug|x86.Build.0 = Debug|Any CPU
		{38E06EA0-CABC-4A30-83E9-78E03DE2EC42}.Release|Any CPU.ActiveCfg = Release|Any CPU
		{38E06EA0-CABC-4A30-83E9-78E03DE2EC42}.Release|Any CPU.Build.0 = Release|Any CPU
		{38E06EA0-CABC-4A30-83E9-78E03DE2EC42}.Release|x86.ActiveCfg = Release|Any CPU
		{38E06EA0-CABC-4A30-83E9-78E03DE2EC42}.Release|x86.Build.0 = Release|Any CPU
		{54EE6DAA-8724-40D9-AB77-278E8B4CFA07}.Debug|Any CPU.ActiveCfg = Debug|Any CPU
		{54EE6DAA-8724-40D9-AB77-278E8B4CFA07}.Debug|Any CPU.Build.0 = Debug|Any CPU
		{54EE6DAA-8724-40D9-AB77-278E8B4CFA07}.Debug|x86.ActiveCfg = Debug|Any CPU
		{54EE6DAA-8724-40D9-AB77-278E8B4CFA07}.Debug|x86.Build.0 = Debug|Any CPU
		{54EE6DAA-8724-40D9-AB77-278E8B4CFA07}.Release|Any CPU.ActiveCfg = Release|Any CPU
		{54EE6DAA-8724-40D9-AB77-278E8B4CFA07}.Release|Any CPU.Build.0 = Release|Any CPU
		{54EE6DAA-8724-40D9-AB77-278E8B4CFA07}.Release|x86.ActiveCfg = Release|Any CPU
		{54EE6DAA-8724-40D9-AB77-278E8B4CFA07}.Release|x86.Build.0 = Release|Any CPU
		{78C991D8-FB59-4261-8C07-00239BDB05D6}.Debug|Any CPU.ActiveCfg = Debug|x86
		{78C991D8-FB59-4261-8C07-00239BDB05D6}.Debug|x86.ActiveCfg = Debug|x86
		{78C991D8-FB59-4261-8C07-00239BDB05D6}.Debug|x86.Build.0 = Debug|x86
		{78C991D8-FB59-4261-8C07-00239BDB05D6}.Release|Any CPU.ActiveCfg = Release|x86
		{78C991D8-FB59-4261-8C07-00239BDB05D6}.Release|x86.ActiveCfg = Release|x86
		{78C991D8-FB59-4261-8C07-00239BDB05D6}.Release|x86.Build.0 = Release|x86
		{8184E6C9-3746-40E5-8B81-6F24785C3739}.Debug|Any CPU.ActiveCfg = Debug|Any CPU
		{8184E6C9-3746-40E5-8B81-6F24785C3739}.Debug|Any CPU.Build.0 = Debug|Any CPU
		{8184E6C9-3746-40E5-8B81-6F24785C3739}.Debug|x86.ActiveCfg = Debug|Any CPU
		{8184E6C9-3746-40E5-8B81-6F24785C3739}.Debug|x86.Build.0 = Debug|Any CPU
		{8184E6C9-3746-40E5-8B81-6F24785C3739}.Release|Any CPU.ActiveCfg = Release|Any CPU
		{8184E6C9-3746-40E5-8B81-6F24785C3739}.Release|Any CPU.Build.0 = Release|Any CPU
		{8184E6C9-3746-40E5-8B81-6F24785C3739}.Release|x86.ActiveCfg = Release|Any CPU
		{8184E6C9-3746-40E5-8B81-6F24785C3739}.Release|x86.Build.0 = Release|Any CPU
		{57EA0F9F-5E9A-4788-9738-BE3381343E1A}.Debug|Any CPU.ActiveCfg = Debug|Any CPU
		{57EA0F9F-5E9A-4788-9738-BE3381343E1A}.Debug|Any CPU.Build.0 = Debug|Any CPU
		{57EA0F9F-5E9A-4788-9738-BE3381343E1A}.Debug|x86.ActiveCfg = Debug|Any CPU
		{57EA0F9F-5E9A-4788-9738-BE3381343E1A}.Debug|x86.Build.0 = Debug|Any CPU
		{57EA0F9F-5E9A-4788-9738-BE3381343E1A}.Release|Any CPU.ActiveCfg = Release|Any CPU
		{57EA0F9F-5E9A-4788-9738-BE3381343E1A}.Release|Any CPU.Build.0 = Release|Any CPU
		{57EA0F9F-5E9A-4788-9738-BE3381343E1A}.Release|x86.ActiveCfg = Release|Any CPU
		{57EA0F9F-5E9A-4788-9738-BE3381343E1A}.Release|x86.Build.0 = Release|Any CPU
		{6D7CDB8E-B137-4AD0-8A8D-7EEAAFB69960}.Debug|Any CPU.ActiveCfg = Debug|Any CPU
		{6D7CDB8E-B137-4AD0-8A8D-7EEAAFB69960}.Debug|Any CPU.Build.0 = Debug|Any CPU
		{6D7CDB8E-B137-4AD0-8A8D-7EEAAFB69960}.Debug|x86.ActiveCfg = Debug|Any CPU
		{6D7CDB8E-B137-4AD0-8A8D-7EEAAFB69960}.Debug|x86.Build.0 = Debug|Any CPU
		{6D7CDB8E-B137-4AD0-8A8D-7EEAAFB69960}.Release|Any CPU.ActiveCfg = Release|Any CPU
		{6D7CDB8E-B137-4AD0-8A8D-7EEAAFB69960}.Release|Any CPU.Build.0 = Release|Any CPU
		{6D7CDB8E-B137-4AD0-8A8D-7EEAAFB69960}.Release|x86.ActiveCfg = Release|Any CPU
		{6D7CDB8E-B137-4AD0-8A8D-7EEAAFB69960}.Release|x86.Build.0 = Release|Any CPU
	EndGlobalSection
	GlobalSection(SolutionProperties) = preSolution
		HideSolutionNode = FALSE
	EndGlobalSection
	GlobalSection(ExtensibilityGlobals) = postSolution
		SolutionGuid = {E7DA1BC5-3085-4B4D-8229-FAF787C2E5E2}
	EndGlobalSection
EndGlobal
