
Microsoft Visual Studio Solution File, Format Version 11.00
# Visual Studio 2010
Project("{FAE04EC0-301F-11D3-BF4B-00C04F79EFBC}") = "ResqmlPropertyKindBrowserSample", "ResqmlPropertyKindBrowserSample.csproj", "{E6325BF0-57CA-4158-868F-58E37A3BCB80}"
EndProject
Global
	GlobalSection(SolutionConfigurationPlatforms) = preSolution
		Debug|Any CPU = Debug|Any CPU
		Release|Any CPU = Release|Any CPU
	EndGlobalSection
	GlobalSection(ProjectConfigurationPlatforms) = postSolution
		{E6325BF0-57CA-4158-868F-58E37A3BCB80}.Debug|Any CPU.ActiveCfg = Debug|Any CPU
		{E6325BF0-57CA-4158-868F-58E37A3BCB80}.Debug|Any CPU.Build.0 = Debug|Any CPU
		{E6325BF0-57CA-4158-868F-58E37A3BCB80}.Release|Any CPU.ActiveCfg = Release|Any CPU
		{E6325BF0-57CA-4158-868F-58E37A3BCB80}.Release|Any CPU.Build.0 = Release|Any CPU
	EndGlobalSection
	GlobalSection(SolutionProperties) = preSolution
		HideSolutionNode = FALSE
	EndGlobalSection
EndGlobal
